
Microsoft Visual Studio Solution File, Format Version 12.00
# Visual Studio 15
VisualStudioVersion = 15.0.28307.539
MinimumVisualStudioVersion = 10.0.40219.1
Project("{FAE04EC0-301F-11D3-BF4B-00C04F79EFBC}") = "Race", "Race\Race.csproj", "{6ED72795-DCA3-46B0-AAAA-442FF762969F}"
EndProject
Global
	GlobalSection(SolutionConfigurationPlatforms) = preSolution
		Debug|Any CPU = Debug|Any CPU
		Release|Any CPU = Release|Any CPU
	EndGlobalSection
	GlobalSection(ProjectConfigurationPlatforms) = postSolution
		{6ED72795-DCA3-46B0-AAAA-442FF762969F}.Debug|Any CPU.ActiveCfg = Debug|Any CPU
		{6ED72795-DCA3-46B0-AAAA-442FF762969F}.Debug|Any CPU.Build.0 = Debug|Any CPU
		{6ED72795-DCA3-46B0-AAAA-442FF762969F}.Release|Any CPU.ActiveCfg = Release|Any CPU
		{6ED72795-DCA3-46B0-AAAA-442FF762969F}.Release|Any CPU.Build.0 = Release|Any CPU
	EndGlobalSection
	GlobalSection(SolutionProperties) = preSolution
		HideSolutionNode = FALSE
	EndGlobalSection
	GlobalSection(ExtensibilityGlobals) = postSolution
		SolutionGuid = {22ED4CA7-8CDF-46D5-8EC1-E8B106AE4CB1}
	EndGlobalSection
EndGlobal
